// !$*UTF8*$!
{
	archiveVersion = 1;
	classes = {
	};
	objectVersion = 55;
	objects = {

/* Begin PBXBuildFile section */
		60786AA3277B02790018DED6 /* AppDelegate.swift in Sources */ = {isa = PBXBuildFile; fileRef = 60786AA2277B02790018DED6 /* AppDelegate.swift */; };
		60786AA5277B02790018DED6 /* SceneDelegate.swift in Sources */ = {isa = PBXBuildFile; fileRef = 60786AA4277B02790018DED6 /* SceneDelegate.swift */; };
		60786AAC277B02790018DED6 /* Assets.xcassets in Resources */ = {isa = PBXBuildFile; fileRef = 60786AAB277B02790018DED6 /* Assets.xcassets */; };
		60786AAF277B02790018DED6 /* LaunchScreen.storyboard in Resources */ = {isa = PBXBuildFile; fileRef = 60786AAD277B02790018DED6 /* LaunchScreen.storyboard */; };
		608CDC1727859A5600C30576 /* PageCell.swift in Sources */ = {isa = PBXBuildFile; fileRef = 608CDC1627859A5600C30576 /* PageCell.swift */; };
		608CDC192785ECDA00C30576 /* Page.swift in Sources */ = {isa = PBXBuildFile; fileRef = 608CDC182785ECDA00C30576 /* Page.swift */; };
		60928FFF278B435800EFAF68 /* SwipingController + UICollectionView.swift in Sources */ = {isa = PBXBuildFile; fileRef = 60928FFE278B435800EFAF68 /* SwipingController + UICollectionView.swift */; };
		60C72B452784E7E20013B880 /* SwipingController.swift in Sources */ = {isa = PBXBuildFile; fileRef = 60C72B442784E7E20013B880 /* SwipingController.swift */; };
/* End PBXBuildFile section */

/* Begin PBXFileReference section */
		60786A9F277B02790018DED6 /* UI Programmatically.app */ = {isa = PBXFileReference; explicitFileType = wrapper.application; includeInIndex = 0; path = "UI Programmatically.app"; sourceTree = BUILT_PRODUCTS_DIR; };
		60786AA2277B02790018DED6 /* AppDelegate.swift */ = {isa = PBXFileReference; lastKnownFileType = sourcecode.swift; path = AppDelegate.swift; sourceTree = "<group>"; };
		60786AA4277B02790018DED6 /* SceneDelegate.swift */ = {isa = PBXFileReference; lastKnownFileType = sourcecode.swift; path = SceneDelegate.swift; sourceTree = "<group>"; };
		60786AAB277B02790018DED6 /* Assets.xcassets */ = {isa = PBXFileReference; lastKnownFileType = folder.assetcatalog; path = Assets.xcassets; sourceTree = "<group>"; };
		60786AAE277B02790018DED6 /* Base */ = {isa = PBXFileReference; lastKnownFileType = file.storyboard; name = Base; path = Base.lproj/LaunchScreen.storyboard; sourceTree = "<group>"; };
		60786AB0277B02790018DED6 /* Info.plist */ = {isa = PBXFileReference; lastKnownFileType = text.plist.xml; path = Info.plist; sourceTree = "<group>"; };
		608CDC1627859A5600C30576 /* PageCell.swift */ = {isa = PBXFileReference; lastKnownFileType = sourcecode.swift; path = PageCell.swift; sourceTree = "<group>"; };
		608CDC182785ECDA00C30576 /* Page.swift */ = {isa = PBXFileReference; lastKnownFileType = sourcecode.swift; path = Page.swift; sourceTree = "<group>"; };
		60928FFE278B435800EFAF68 /* SwipingController + UICollectionView.swift */ = {isa = PBXFileReference; lastKnownFileType = sourcecode.swift; path = "SwipingController + UICollectionView.swift"; sourceTree = "<group>"; };
		60C72B442784E7E20013B880 /* SwipingController.swift */ = {isa = PBXFileReference; lastKnownFileType = sourcecode.swift; path = SwipingController.swift; sourceTree = "<group>"; };
/* End PBXFileReference section */

/* Begin PBXFrameworksBuildPhase section */
		60786A9C277B02790018DED6 /* Frameworks */ = {
			isa = PBXFrameworksBuildPhase;
			buildActionMask = 2147483647;
			files = (
			);
			runOnlyForDeploymentPostprocessing = 0;
		};
/* End PBXFrameworksBuildPhase section */

/* Begin PBXGroup section */
		60786A96277B02790018DED6 = {
			isa = PBXGroup;
			children = (
				60786AA1277B02790018DED6 /* Auto Layout Programmatically */,
				60786AA0277B02790018DED6 /* Products */,
			);
			sourceTree = "<group>";
		};
		60786AA0277B02790018DED6 /* Products */ = {
			isa = PBXGroup;
			children = (
				60786A9F277B02790018DED6 /* UI Programmatically.app */,
			);
			name = Products;
			sourceTree = "<group>";
		};
		60786AA1277B02790018DED6 /* Auto Layout Programmatically */ = {
			isa = PBXGroup;
			children = (
				60786AA2277B02790018DED6 /* AppDelegate.swift */,
				60786AA4277B02790018DED6 /* SceneDelegate.swift */,
				608CDC1B2786254F00C30576 /* Controller */,
				608CDC1C2786257500C30576 /* View */,
				608CDC1A2786253E00C30576 /* Model */,
				60786AAB277B02790018DED6 /* Assets.xcassets */,
				60786AAD277B02790018DED6 /* LaunchScreen.storyboard */,
				60786AB0277B02790018DED6 /* Info.plist */,
			);
			path = "Auto Layout Programmatically";
			sourceTree = "<group>";
		};
		608CDC1A2786253E00C30576 /* Model */ = {
			isa = PBXGroup;
			children = (
				608CDC182785ECDA00C30576 /* Page.swift */,
			);
			path = Model;
			sourceTree = "<group>";
		};
		608CDC1B2786254F00C30576 /* Controller */ = {
			isa = PBXGroup;
			children = (
				60C72B442784E7E20013B880 /* SwipingController.swift */,
				60928FFE278B435800EFAF68 /* SwipingController + UICollectionView.swift */,
			);
			path = Controller;
			sourceTree = "<group>";
		};
		608CDC1C2786257500C30576 /* View */ = {
			isa = PBXGroup;
			children = (
				608CDC1627859A5600C30576 /* PageCell.swift */,
			);
			path = View;
			sourceTree = "<group>";
		};
/* End PBXGroup section */

/* Begin PBXNativeTarget section */
		60786A9E277B02790018DED6 /* UI Programmatically */ = {
			isa = PBXNativeTarget;
			buildConfigurationList = 60786AB3277B02790018DED6 /* Build configuration list for PBXNativeTarget "UI Programmatically" */;
			buildPhases = (
				60786A9B277B02790018DED6 /* Sources */,
				60786A9C277B02790018DED6 /* Frameworks */,
				60786A9D277B02790018DED6 /* Resources */,
			);
			buildRules = (
			);
			dependencies = (
			);
			name = "UI Programmatically";
			productName = "Auto Layout Programmatically";
			productReference = 60786A9F277B02790018DED6 /* UI Programmatically.app */;
			productType = "com.apple.product-type.application";
		};
/* End PBXNativeTarget section */

/* Begin PBXProject section */
		60786A97277B02790018DED6 /* Project object */ = {
			isa = PBXProject;
			attributes = {
				BuildIndependentTargetsInParallel = 1;
				LastSwiftUpdateCheck = 1320;
				LastUpgradeCheck = 1320;
				TargetAttributes = {
					60786A9E277B02790018DED6 = {
						CreatedOnToolsVersion = 13.2.1;
					};
				};
			};
			buildConfigurationList = 60786A9A277B02790018DED6 /* Build configuration list for PBXProject "UI Programmatically" */;
			compatibilityVersion = "Xcode 13.0";
			developmentRegion = en;
			hasScannedForEncodings = 0;
			knownRegions = (
				en,
				Base,
			);
			mainGroup = 60786A96277B02790018DED6;
			productRefGroup = 60786AA0277B02790018DED6 /* Products */;
			projectDirPath = "";
			projectRoot = "";
			targets = (
				60786A9E277B02790018DED6 /* UI Programmatically */,
			);
		};
/* End PBXProject section */

/* Begin PBXResourcesBuildPhase section */
		60786A9D277B02790018DED6 /* Resources */ = {
			isa = PBXResourcesBuildPhase;
			buildActionMask = 2147483647;
			files = (
				60786AAF277B02790018DED6 /* LaunchScreen.storyboard in Resources */,
				60786AAC277B02790018DED6 /* Assets.xcassets in Resources */,
			);
			runOnlyForDeploymentPostprocessing = 0;
		};
/* End PBXResourcesBuildPhase section */

/* Begin PBXSourcesBuildPhase section */
		60786A9B277B02790018DED6 /* Sources */ = {
			isa = PBXSourcesBuildPhase;
			buildActionMask = 2147483647;
			files = (
				608CDC1727859A5600C30576 /* PageCell.swift in Sources */,
				608CDC192785ECDA00C30576 /* Page.swift in Sources */,
				60786AA3277B02790018DED6 /* AppDelegate.swift in Sources */,
				60786AA5277B02790018DED6 /* SceneDelegate.swift in Sources */,
				60928FFF278B435800EFAF68 /* SwipingController + UICollectionView.swift in Sources */,
				60C72B452784E7E20013B880 /* SwipingController.swift in Sources */,
			);
			runOnlyForDeploymentPostprocessing = 0;
		};
/* End PBXSourcesBuildPhase section */

/* Begin PBXVariantGroup section */
		60786AAD277B02790018DED6 /* LaunchScreen.storyboard */ = {
			isa = PBXVariantGroup;
			children = (
				60786AAE277B02790018DED6 /* Base */,
			);
			name = LaunchScreen.storyboard;
			sourceTree = "<group>";
		};
/* End PBXVariantGroup section */

/* Begin XCBuildConfiguration section */
		60786AB1277B02790018DED6 /* Debug */ = {
			isa = XCBuildConfiguration;
			buildSettings = {
				ALWAYS_SEARCH_USER_PATHS = NO;
				CLANG_ANALYZER_NONNULL = YES;
				CLANG_ANALYZER_NUMBER_OBJECT_CONVERSION = YES_AGGRESSIVE;
				CLANG_CXX_LANGUAGE_STANDARD = "gnu++17";
				CLANG_CXX_LIBRARY = "libc++";
				CLANG_ENABLE_MODULES = YES;
				CLANG_ENABLE_OBJC_ARC = YES;
				CLANG_ENABLE_OBJC_WEAK = YES;
				CLANG_WARN_BLOCK_CAPTURE_AUTORELEASING = YES;
				CLANG_WARN_BOOL_CONVERSION = YES;
				CLANG_WARN_COMMA = YES;
				CLANG_WARN_CONSTANT_CONVERSION = YES;
				CLANG_WARN_DEPRECATED_OBJC_IMPLEMENTATIONS = YES;
				CLANG_WARN_DIRECT_OBJC_ISA_USAGE = YES_ERROR;
				CLANG_WARN_DOCUMENTATION_COMMENTS = YES;
				CLANG_WARN_EMPTY_BODY = YES;
				CLANG_WARN_ENUM_CONVERSION = YES;
				CLANG_WARN_INFINITE_RECURSION = YES;
				CLANG_WARN_INT_CONVERSION = YES;
				CLANG_WARN_NON_LITERAL_NULL_CONVERSION = YES;
				CLANG_WARN_OBJC_IMPLICIT_RETAIN_SELF = YES;
				CLANG_WARN_OBJC_LITERAL_CONVERSION = YES;
				CLANG_WARN_OBJC_ROOT_CLASS = YES_ERROR;
				CLANG_WARN_QUOTED_INCLUDE_IN_FRAMEWORK_HEADER = YES;
				CLANG_WARN_RANGE_LOOP_ANALYSIS = YES;
				CLANG_WARN_STRICT_PROTOTYPES = YES;
				CLANG_WARN_SUSPICIOUS_MOVE = YES;
				CLANG_WARN_UNGUARDED_AVAILABILITY = YES_AGGRESSIVE;
				CLANG_WARN_UNREACHABLE_CODE = YES;
				CLANG_WARN__DUPLICATE_METHOD_MATCH = YES;
				COPY_PHASE_STRIP = NO;
				DEBUG_INFORMATION_FORMAT = dwarf;
				ENABLE_STRICT_OBJC_MSGSEND = YES;
				ENABLE_TESTABILITY = YES;
				GCC_C_LANGUAGE_STANDARD = gnu11;
				GCC_DYNAMIC_NO_PIC = NO;
				GCC_NO_COMMON_BLOCKS = YES;
				GCC_OPTIMIZATION_LEVEL = 0;
				GCC_PREPROCESSOR_DEFINITIONS = (
					"DEBUG=1",
					"$(inherited)",
				);
				GCC_WARN_64_TO_32_BIT_CONVERSION = YES;
				GCC_WARN_ABOUT_RETURN_TYPE = YES_ERROR;
				GCC_WARN_UNDECLARED_SELECTOR = YES;
				GCC_WARN_UNINITIALIZED_AUTOS = YES_AGGRESSIVE;
				GCC_WARN_UNUSED_FUNCTION = YES;
				GCC_WARN_UNUSED_VARIABLE = YES;
				IPHONEOS_DEPLOYMENT_TARGET = 15.2;
				MTL_ENABLE_DEBUG_INFO = INCLUDE_SOURCE;
				MTL_FAST_MATH = YES;
				ONLY_ACTIVE_ARCH = YES;
				SDKROOT = iphoneos;
				SWIFT_ACTIVE_COMPILATION_CONDITIONS = DEBUG;
				SWIFT_OPTIMIZATION_LEVEL = "-Onone";
			};
			name = Debug;
		};
		60786AB2277B02790018DED6 /* Release */ = {
			isa = XCBuildConfiguration;
			buildSettings = {
				ALWAYS_SEARCH_USER_PATHS = NO;
				CLANG_ANALYZER_NONNULL = YES;
				CLANG_ANALYZER_NUMBER_OBJECT_CONVERSION = YES_AGGRESSIVE;
				CLANG_CXX_LANGUAGE_STANDARD = "gnu++17";
				CLANG_CXX_LIBRARY = "libc++";
				CLANG_ENABLE_MODULES = YES;
				CLANG_ENABLE_OBJC_ARC = YES;
				CLANG_ENABLE_OBJC_WEAK = YES;
				CLANG_WARN_BLOCK_CAPTURE_AUTORELEASING = YES;
				CLANG_WARN_BOOL_CONVERSION = YES;
				CLANG_WARN_COMMA = YES;
				CLANG_WARN_CONSTANT_CONVERSION = YES;
				CLANG_WARN_DEPRECATED_OBJC_IMPLEMENTATIONS = YES;
				CLANG_WARN_DIRECT_OBJC_ISA_USAGE = YES_ERROR;
				CLANG_WARN_DOCUMENTATION_COMMENTS = YES;
				CLANG_WARN_EMPTY_BODY = YES;
				CLANG_WARN_ENUM_CONVERSION = YES;
				CLANG_WARN_INFINITE_RECURSION = YES;
				CLANG_WARN_INT_CONVERSION = YES;
				CLANG_WARN_NON_LITERAL_NULL_CONVERSION = YES;
				CLANG_WARN_OBJC_IMPLICIT_RETAIN_SELF = YES;
				CLANG_WARN_OBJC_LITERAL_CONVERSION = YES;
				CLANG_WARN_OBJC_ROOT_CLASS = YES_ERROR;
				CLANG_WARN_QUOTED_INCLUDE_IN_FRAMEWORK_HEADER = YES;
				CLANG_WARN_RANGE_LOOP_ANALYSIS = YES;
				CLANG_WARN_STRICT_PROTOTYPES = YES;
				CLANG_WARN_SUSPICIOUS_MOVE = YES;
				CLANG_WARN_UNGUARDED_AVAILABILITY = YES_AGGRESSIVE;
				CLANG_WARN_UNREACHABLE_CODE = YES;
				CLANG_WARN__DUPLICATE_METHOD_MATCH = YES;
				COPY_PHASE_STRIP = NO;
				DEBUG_INFORMATION_FORMAT = "dwarf-with-dsym";
				ENABLE_NS_ASSERTIONS = NO;
				ENABLE_STRICT_OBJC_MSGSEND = YES;
				GCC_C_LANGUAGE_STANDARD = gnu11;
				GCC_NO_COMMON_BLOCKS = YES;
				GCC_WARN_64_TO_32_BIT_CONVERSION = YES;
				GCC_WARN_ABOUT_RETURN_TYPE = YES_ERROR;
				GCC_WARN_UNDECLARED_SELECTOR = YES;
				GCC_WARN_UNINITIALIZED_AUTOS = YES_AGGRESSIVE;
				GCC_WARN_UNUSED_FUNCTION = YES;
				GCC_WARN_UNUSED_VARIABLE = YES;
				IPHONEOS_DEPLOYMENT_TARGET = 15.2;
				MTL_ENABLE_DEBUG_INFO = NO;
				MTL_FAST_MATH = YES;
				SDKROOT = iphoneos;
				SWIFT_COMPILATION_MODE = wholemodule;
				SWIFT_OPTIMIZATION_LEVEL = "-O";
				VALIDATE_PRODUCT = YES;
			};
			name = Release;
		};
		60786AB4277B02790018DED6 /* Debug */ = {
			isa = XCBuildConfiguration;
			buildSettings = {
				ASSETCATALOG_COMPILER_APPICON_NAME = AppIcon;
				ASSETCATALOG_COMPILER_GLOBAL_ACCENT_COLOR_NAME = AccentColor;
				CODE_SIGN_STYLE = Automatic;
				CURRENT_PROJECT_VERSION = 1;
				DEVELOPMENT_TEAM = 52244XZHVN;
				GENERATE_INFOPLIST_FILE = YES;
				INFOPLIST_FILE = "Auto Layout Programmatically/Info.plist";
				INFOPLIST_KEY_UIApplicationSupportsIndirectInputEvents = YES;
				INFOPLIST_KEY_UILaunchStoryboardName = LaunchScreen;
				INFOPLIST_KEY_UISupportedInterfaceOrientations_iPad = "UIInterfaceOrientationPortrait UIInterfaceOrientationPortraitUpsideDown UIInterfaceOrientationLandscapeLeft UIInterfaceOrientationLandscapeRight";
				INFOPLIST_KEY_UISupportedInterfaceOrientations_iPhone = "UIInterfaceOrientationPortrait UIInterfaceOrientationLandscapeLeft UIInterfaceOrientationLandscapeRight";
				LD_RUNPATH_SEARCH_PATHS = (
					"$(inherited)",
					"@executable_path/Frameworks",
				);
				MARKETING_VERSION = 1.0;
				PRODUCT_BUNDLE_IDENTIFIER = "Olexsii-Levchenko.Auto-Layout-Programmatically";
				PRODUCT_NAME = "$(TARGET_NAME)";
				SWIFT_EMIT_LOC_STRINGS = YES;
				SWIFT_VERSION = 5.0;
				TARGETED_DEVICE_FAMILY = "1,2";
			};
			name = Debug;
		};
		60786AB5277B02790018DED6 /* Release */ = {
			isa = XCBuildConfiguration;
			buildSettings = {
				ASSETCATALOG_COMPILER_APPICON_NAME = AppIcon;
				ASSETCATALOG_COMPILER_GLOBAL_ACCENT_COLOR_NAME = AccentColor;
				CODE_SIGN_STYLE = Automatic;
				CURRENT_PROJECT_VERSION = 1;
				DEVELOPMENT_TEAM = 52244XZHVN;
				GENERATE_INFOPLIST_FILE = YES;
				INFOPLIST_FILE = "Auto Layout Programmatically/Info.plist";
				INFOPLIST_KEY_UIApplicationSupportsIndirectInputEvents = YES;
				INFOPLIST_KEY_UILaunchStoryboardName = LaunchScreen;
				INFOPLIST_KEY_UISupportedInterfaceOrientations_iPad = "UIInterfaceOrientationPortrait UIInterfaceOrientationPortraitUpsideDown UIInterfaceOrientationLandscapeLeft UIInterfaceOrientationLandscapeRight";
				INFOPLIST_KEY_UISupportedInterfaceOrientations_iPhone = "UIInterfaceOrientationPortrait UIInterfaceOrientationLandscapeLeft UIInterfaceOrientationLandscapeRight";
				LD_RUNPATH_SEARCH_PATHS = (
					"$(inherited)",
					"@executable_path/Frameworks",
				);
				MARKETING_VERSION = 1.0;
				PRODUCT_BUNDLE_IDENTIFIER = "Olexsii-Levchenko.Auto-Layout-Programmatically";
				PRODUCT_NAME = "$(TARGET_NAME)";
				SWIFT_EMIT_LOC_STRINGS = YES;
				SWIFT_VERSION = 5.0;
				TARGETED_DEVICE_FAMILY = "1,2";
			};
			name = Release;
		};
/* End XCBuildConfiguration section */

/* Begin XCConfigurationList section */
		60786A9A277B02790018DED6 /* Build configuration list for PBXProject "UI Programmatically" */ = {
			isa = XCConfigurationList;
			buildConfigurations = (
				60786AB1277B02790018DED6 /* Debug */,
				60786AB2277B02790018DED6 /* Release */,
			);
			defaultConfigurationIsVisible = 0;
			defaultConfigurationName = Release;
		};
		60786AB3277B02790018DED6 /* Build configuration list for PBXNativeTarget "UI Programmatically" */ = {
			isa = XCConfigurationList;
			buildConfigurations = (
				60786AB4277B02790018DED6 /* Debug */,
				60786AB5277B02790018DED6 /* Release */,
			);
			defaultConfigurationIsVisible = 0;
			defaultConfigurationName = Release;
		};
/* End XCConfigurationList section */
	};
	rootObject = 60786A97277B02790018DED6 /* Project object */;
}
